
Microsoft Visual Studio Solution File, Format Version 12.00
# Visual Studio 2013
VisualStudioVersion = 12.0.30723.0
MinimumVisualStudioVersion = 10.0.40219.1
Project("{FAE04EC0-301F-11D3-BF4B-00C04F79EFBC}") = "ReplicationDemo", "ReplicationDemo\ReplicationDemo.csproj", "{B0ABDCA4-AFD2-4105-9658-4EB589B20458}"
EndProject
Project("{FAE04EC0-301F-11D3-BF4B-00C04F79EFBC}") = "ConflictsDemo", "ConflictsDemo\ConflictsDemo.csproj", "{7B23D438-ADA4-4D75-8B4D-C74069D63279}"
EndProject
Project("{FAE04EC0-301F-11D3-BF4B-00C04F79EFBC}") = "ShardingDemo", "ShardingDemo\ShardingDemo.csproj", "{C63708FA-D266-4EC8-AFA0-D964C98B50E7}"
EndProject
Project("{FAE04EC0-301F-11D3-BF4B-00C04F79EFBC}") = "IndexReplication", "IndexReplication\IndexReplication.csproj", "{07FC1BA5-F665-46A9-9B8F-CCB78B7E104A}"
EndProject
Project("{2150E333-8FDC-42A3-9474-1A3956D46DE8}") = ".nuget", ".nuget", "{CE17DFE6-6C6E-4C6D-BCF9-B292D33796A8}"
	ProjectSection(SolutionItems) = preProject
		.nuget\NuGet.Config = .nuget\NuGet.Config
		.nuget\NuGet.exe = .nuget\NuGet.exe
		.nuget\NuGet.targets = .nuget\NuGet.targets
	EndProjectSection
EndProject
Project("{FAE04EC0-301F-11D3-BF4B-00C04F79EFBC}") = "BackupDemo", "BackupDemo\BackupDemo.csproj", "{27B56669-5C48-4B60-A689-3A619D61F024}"
EndProject
Global
	GlobalSection(SolutionConfigurationPlatforms) = preSolution
		Debug|Any CPU = Debug|Any CPU
		Release|Any CPU = Release|Any CPU
	EndGlobalSection
	GlobalSection(ProjectConfigurationPlatforms) = postSolution
		{B0ABDCA4-AFD2-4105-9658-4EB589B20458}.Debug|Any CPU.ActiveCfg = Debug|Any CPU
		{B0ABDCA4-AFD2-4105-9658-4EB589B20458}.Debug|Any CPU.Build.0 = Debug|Any CPU
		{B0ABDCA4-AFD2-4105-9658-4EB589B20458}.Release|Any CPU.ActiveCfg = Release|Any CPU
		{B0ABDCA4-AFD2-4105-9658-4EB589B20458}.Release|Any CPU.Build.0 = Release|Any CPU
		{7B23D438-ADA4-4D75-8B4D-C74069D63279}.Debug|Any CPU.ActiveCfg = Debug|Any CPU
		{7B23D438-ADA4-4D75-8B4D-C74069D63279}.Debug|Any CPU.Build.0 = Debug|Any CPU
		{7B23D438-ADA4-4D75-8B4D-C74069D63279}.Release|Any CPU.ActiveCfg = Release|Any CPU
		{7B23D438-ADA4-4D75-8B4D-C74069D63279}.Release|Any CPU.Build.0 = Release|Any CPU
		{C63708FA-D266-4EC8-AFA0-D964C98B50E7}.Debug|Any CPU.ActiveCfg = Debug|Any CPU
		{C63708FA-D266-4EC8-AFA0-D964C98B50E7}.Debug|Any CPU.Build.0 = Debug|Any CPU
		{C63708FA-D266-4EC8-AFA0-D964C98B50E7}.Release|Any CPU.ActiveCfg = Release|Any CPU
		{C63708FA-D266-4EC8-AFA0-D964C98B50E7}.Release|Any CPU.Build.0 = Release|Any CPU
		{07FC1BA5-F665-46A9-9B8F-CCB78B7E104A}.Debug|Any CPU.ActiveCfg = Debug|Any CPU
		{07FC1BA5-F665-46A9-9B8F-CCB78B7E104A}.Debug|Any CPU.Build.0 = Debug|Any CPU
		{07FC1BA5-F665-46A9-9B8F-CCB78B7E104A}.Release|Any CPU.ActiveCfg = Release|Any CPU
		{07FC1BA5-F665-46A9-9B8F-CCB78B7E104A}.Release|Any CPU.Build.0 = Release|Any CPU
		{27B56669-5C48-4B60-A689-3A619D61F024}.Debug|Any CPU.ActiveCfg = Debug|Any CPU
		{27B56669-5C48-4B60-A689-3A619D61F024}.Debug|Any CPU.Build.0 = Debug|Any CPU
		{27B56669-5C48-4B60-A689-3A619D61F024}.Release|Any CPU.ActiveCfg = Release|Any CPU
		{27B56669-5C48-4B60-A689-3A619D61F024}.Release|Any CPU.Build.0 = Release|Any CPU
	EndGlobalSection
	GlobalSection(SolutionProperties) = preSolution
		HideSolutionNode = FALSE
	EndGlobalSection
EndGlobal
